
Microsoft Visual Studio Solution File, Format Version 12.00
# Visual Studio Version 16
VisualStudioVersion = 16.0.29215.179
MinimumVisualStudioVersion = 10.0.40219.1
Project("{2150E333-8FDC-42A3-9474-1A3956D46DE8}") = "QuickStarts", "QuickStarts", "{47E7988B-717A-4E8A-8E75-517844C5D055}"
EndProject
Project("{2150E333-8FDC-42A3-9474-1A3956D46DE8}") = "ModuleLoader", "ModuleLoader", "{9D00C65E-8B41-4C00-9C8B-7F23B58B9756}"
EndProject
Project("{2150E333-8FDC-42A3-9474-1A3956D46DE8}") = "Commands", "Commands", "{DA66829B-1433-43D9-B920-DE38BF055C52}"
EndProject
Project("{2150E333-8FDC-42A3-9474-1A3956D46DE8}") = "Walkthrough", "Walkthrough", "{6A6B34CE-D21E-49C6-ABB8-9467A99CC9D0}"
EndProject
Project("{2150E333-8FDC-42A3-9474-1A3956D46DE8}") = "Step 1", "Step 1", "{F367B296-670E-4EE0-B92A-11C1DAEB4285}"
EndProject
Project("{2150E333-8FDC-42A3-9474-1A3956D46DE8}") = "Step 2", "Step 2", "{869BD919-4F93-477A-95E9-CA3DC8833DA1}"
EndProject
Project("{2150E333-8FDC-42A3-9474-1A3956D46DE8}") = "Step 3", "Step 3", "{1BE188D7-8785-4213-ADCF-27530FD27922}"
EndProject
Project("{2150E333-8FDC-42A3-9474-1A3956D46DE8}") = "Step 4", "Step 4", "{97A15B91-A372-4638-ABA9-C9E06307EE8E}"
EndProject
Project("{2150E333-8FDC-42A3-9474-1A3956D46DE8}") = "BankTeller", "BankTeller", "{47D2F726-37ED-4EF1-A027-CF39779D9BCA}"
EndProject
Project("{2150E333-8FDC-42A3-9474-1A3956D46DE8}") = "SmartParts", "SmartParts", "{7E8601E8-8B4E-479B-B1ED-A72154A1D86A}"
EndProject
Project("{2150E333-8FDC-42A3-9474-1A3956D46DE8}") = "EventBroker", "EventBroker", "{73006A1A-87A5-410A-8032-2FA1E56D6699}"
EndProject
Project("{2150E333-8FDC-42A3-9474-1A3956D46DE8}") = "Source", "Source", "{0BFB14B5-4837-45F2-B768-65D70D3CECE6}"
EndProject
Project("{2150E333-8FDC-42A3-9474-1A3956D46DE8}") = "UnitTests", "UnitTests", "{3C4F65B2-3CF8-4F5D-B633-C674F3FDA174}"
EndProject
Project("{FAE04EC0-301F-11D3-BF4B-00C04F79EFBC}") = "BankShell", "QuickStarts\BankTeller\BankShell\BankShell.csproj", "{62B89443-7C08-4753-9C43-F53DABF7549D}"
	ProjectSection(ProjectDependencies) = postProject
		{F5E262B3-2535-4579-B2A6-3FC5BD45EABB} = {F5E262B3-2535-4579-B2A6-3FC5BD45EABB}
		{A7848178-09E6-4FC7-A21E-9CB9418984A5} = {A7848178-09E6-4FC7-A21E-9CB9418984A5}
	EndProjectSection
EndProject
Project("{FAE04EC0-301F-11D3-BF4B-00C04F79EFBC}") = "GPSModule", "QuickStarts\ModuleLoader\GPSModule\GPSModule.csproj", "{C0C593F3-A235-4B68-B4A7-6BC724A2F8E8}"
EndProject
Project("{FAE04EC0-301F-11D3-BF4B-00C04F79EFBC}") = "ModuleLoaderQuickStart", "QuickStarts\ModuleLoader\ModuleLoaderQuickStart\ModuleLoaderQuickStart.csproj", "{D53533C1-4270-44A6-862E-18623445CA0B}"
EndProject
Project("{FAE04EC0-301F-11D3-BF4B-00C04F79EFBC}") = "CommandsQuickStart", "QuickStarts\Commands\CommandsQuickStart\CommandsQuickStart.csproj", "{E2889A51-A517-44A8-A479-69386C9B8BD1}"
EndProject
Project("{FAE04EC0-301F-11D3-BF4B-00C04F79EFBC}") = "ShellApplication", "QuickStarts\Walkthrough\Step1\ShellApplication\ShellApplication.csproj", "{27939947-5B62-4C4C-99FF-898BF0C71D07}"
EndProject
Project("{FAE04EC0-301F-11D3-BF4B-00C04F79EFBC}") = "MyModule", "QuickStarts\Walkthrough\Step2\MyModule\MyModule.csproj", "{97B7A004-2B34-462C-A055-4A02972A99A9}"
EndProject
Project("{FAE04EC0-301F-11D3-BF4B-00C04F79EFBC}") = "ShellApplication", "QuickStarts\Walkthrough\Step2\ShellApplication\ShellApplication.csproj", "{637AD7F9-7056-41AC-93B2-0956EC1FD4D5}"
EndProject
Project("{FAE04EC0-301F-11D3-BF4B-00C04F79EFBC}") = "ShellApplication", "QuickStarts\Walkthrough\Step3\ShellApplication\ShellApplication.csproj", "{AE9B0095-C0D9-4ACD-BF5D-D44CE5CE9B51}"
EndProject
Project("{FAE04EC0-301F-11D3-BF4B-00C04F79EFBC}") = "MyModule", "QuickStarts\Walkthrough\Step3\MyModule\MyModule.csproj", "{231EE72D-663A-4AC0-BE56-3728D5FE3477}"
EndProject
Project("{FAE04EC0-301F-11D3-BF4B-00C04F79EFBC}") = "MyModule", "QuickStarts\Walkthrough\Step4\MyModule\MyModule.csproj", "{C496A04B-72AF-4343-9833-7A36010F562C}"
EndProject
Project("{FAE04EC0-301F-11D3-BF4B-00C04F79EFBC}") = "ShellApplication", "QuickStarts\Walkthrough\Step4\ShellApplication\ShellApplication.csproj", "{21775AD9-4C98-483B-A716-F9D7EE65F874}"
EndProject
Project("{FAE04EC0-301F-11D3-BF4B-00C04F79EFBC}") = "BankTellerCommon", "QuickStarts\BankTeller\BankTellerCommon\BankTellerCommon.csproj", "{5461523C-4DCE-4672-BC72-7F0C99501F43}"
EndProject
Project("{FAE04EC0-301F-11D3-BF4B-00C04F79EFBC}") = "CustomerMapExtensionModule", "QuickStarts\BankTeller\BankTellerModuleExtension\CustomerMapExtensionModule.csproj", "{A7848178-09E6-4FC7-A21E-9CB9418984A5}"
EndProject
Project("{FAE04EC0-301F-11D3-BF4B-00C04F79EFBC}") = "BankTellerModule", "QuickStarts\BankTeller\BankTellerModule\BankTellerModule.csproj", "{F5E262B3-2535-4579-B2A6-3FC5BD45EABB}"
EndProject
Project("{FAE04EC0-301F-11D3-BF4B-00C04F79EFBC}") = "SmartPartQuickStart", "QuickStarts\SmartPart\SmartPartQuickStart\SmartPartQuickStart.csproj", "{45AAAC79-E7DF-492C-A5DE-9C2BC6016FCD}"
EndProject
Project("{FAE04EC0-301F-11D3-BF4B-00C04F79EFBC}") = "EventBrokerQuickStart", "QuickStarts\EventBroker\EventBrokerDemo\EventBrokerQuickStart.csproj", "{D74D48F9-85C5-452F-A1C1-7FCE9F9F8B1F}"
EndProject
Project("{FAE04EC0-301F-11D3-BF4B-00C04F79EFBC}") = "ObjectBuilder", "Source\ObjectBuilder\ObjectBuilder.csproj", "{2AE49F19-392B-4C50-A13C-F49B2579849D}"
EndProject
Project("{FAE04EC0-301F-11D3-BF4B-00C04F79EFBC}") = "CompositeUI", "Source\CompositeUI\CompositeUI.csproj", "{C478E40B-A05E-4C69-9AB3-7A3BB374243F}"
EndProject
Project("{FAE04EC0-301F-11D3-BF4B-00C04F79EFBC}") = "CompositeUI.WinForms", "Source\CompositeUI.WinForms\CompositeUI.WinForms.csproj", "{073BCD60-F2FB-4DB9-92FB-403C8F9E8DD0}"
EndProject
Project("{FAE04EC0-301F-11D3-BF4B-00C04F79EFBC}") = "CompositeUI.Tests.VSTS", "UnitTest\VSTS\CompositeUI\CompositeUI.Tests.VSTS.csproj", "{533BB382-F49F-4945-EA80-4B01D58C1AB0}"
EndProject
Project("{FAE04EC0-301F-11D3-BF4B-00C04F79EFBC}") = "CompositeUI.WinForms.Tests.VSTS", "UnitTest\VSTS\CompositeUI.WinForms\CompositeUI.WinForms.Tests.VSTS.csproj", "{006913B7-12A3-4FF1-5295-32825D100C9C}"
EndProject
Project("{FAE04EC0-301F-11D3-BF4B-00C04F79EFBC}") = "ObjectBuilder.Tests.VSTS", "UnitTest\VSTS\ObjectBuilder\ObjectBuilder.Tests.VSTS.csproj", "{5C5262F7-FE62-415F-BC8D-3C49CC071403}"
EndProject
Global
	GlobalSection(SolutionConfigurationPlatforms) = preSolution
		Debug|Any CPU = Debug|Any CPU
		Release|Any CPU = Release|Any CPU
	EndGlobalSection
	GlobalSection(ProjectConfigurationPlatforms) = postSolution
		{62B89443-7C08-4753-9C43-F53DABF7549D}.Debug|Any CPU.ActiveCfg = Debug|Any CPU
		{62B89443-7C08-4753-9C43-F53DABF7549D}.Debug|Any CPU.Build.0 = Debug|Any CPU
		{62B89443-7C08-4753-9C43-F53DABF7549D}.Release|Any CPU.ActiveCfg = Release|Any CPU
		{62B89443-7C08-4753-9C43-F53DABF7549D}.Release|Any CPU.Build.0 = Release|Any CPU
		{C0C593F3-A235-4B68-B4A7-6BC724A2F8E8}.Debug|Any CPU.ActiveCfg = Debug|Any CPU
		{C0C593F3-A235-4B68-B4A7-6BC724A2F8E8}.Debug|Any CPU.Build.0 = Debug|Any CPU
		{C0C593F3-A235-4B68-B4A7-6BC724A2F8E8}.Release|Any CPU.ActiveCfg = Release|Any CPU
		{C0C593F3-A235-4B68-B4A7-6BC724A2F8E8}.Release|Any CPU.Build.0 = Release|Any CPU
		{D53533C1-4270-44A6-862E-18623445CA0B}.Debug|Any CPU.ActiveCfg = Debug|Any CPU
		{D53533C1-4270-44A6-862E-18623445CA0B}.Debug|Any CPU.Build.0 = Debug|Any CPU
		{D53533C1-4270-44A6-862E-18623445CA0B}.Release|Any CPU.ActiveCfg = Release|Any CPU
		{D53533C1-4270-44A6-862E-18623445CA0B}.Release|Any CPU.Build.0 = Release|Any CPU
		{E2889A51-A517-44A8-A479-69386C9B8BD1}.Debug|Any CPU.ActiveCfg = Debug|Any CPU
		{E2889A51-A517-44A8-A479-69386C9B8BD1}.Debug|Any CPU.Build.0 = Debug|Any CPU
		{E2889A51-A517-44A8-A479-69386C9B8BD1}.Release|Any CPU.ActiveCfg = Release|Any CPU
		{E2889A51-A517-44A8-A479-69386C9B8BD1}.Release|Any CPU.Build.0 = Release|Any CPU
		{27939947-5B62-4C4C-99FF-898BF0C71D07}.Debug|Any CPU.ActiveCfg = Debug|Any CPU
		{27939947-5B62-4C4C-99FF-898BF0C71D07}.Debug|Any CPU.Build.0 = Debug|Any CPU
		{27939947-5B62-4C4C-99FF-898BF0C71D07}.Release|Any CPU.ActiveCfg = Release|Any CPU
		{27939947-5B62-4C4C-99FF-898BF0C71D07}.Release|Any CPU.Build.0 = Release|Any CPU
		{97B7A004-2B34-462C-A055-4A02972A99A9}.Debug|Any CPU.ActiveCfg = Debug|Any CPU
		{97B7A004-2B34-462C-A055-4A02972A99A9}.Debug|Any CPU.Build.0 = Debug|Any CPU
		{97B7A004-2B34-462C-A055-4A02972A99A9}.Release|Any CPU.ActiveCfg = Release|Any CPU
		{97B7A004-2B34-462C-A055-4A02972A99A9}.Release|Any CPU.Build.0 = Release|Any CPU
		{637AD7F9-7056-41AC-93B2-0956EC1FD4D5}.Debug|Any CPU.ActiveCfg = Debug|Any CPU
		{637AD7F9-7056-41AC-93B2-0956EC1FD4D5}.Debug|Any CPU.Build.0 = Debug|Any CPU
		{637AD7F9-7056-41AC-93B2-0956EC1FD4D5}.Release|Any CPU.ActiveCfg = Release|Any CPU
		{637AD7F9-7056-41AC-93B2-0956EC1FD4D5}.Release|Any CPU.Build.0 = Release|Any CPU
		{AE9B0095-C0D9-4ACD-BF5D-D44CE5CE9B51}.Debug|Any CPU.ActiveCfg = Debug|Any CPU
		{AE9B0095-C0D9-4ACD-BF5D-D44CE5CE9B51}.Debug|Any CPU.Build.0 = Debug|Any CPU
		{AE9B0095-C0D9-4ACD-BF5D-D44CE5CE9B51}.Release|Any CPU.ActiveCfg = Release|Any CPU
		{AE9B0095-C0D9-4ACD-BF5D-D44CE5CE9B51}.Release|Any CPU.Build.0 = Release|Any CPU
		{231EE72D-663A-4AC0-BE56-3728D5FE3477}.Debug|Any CPU.ActiveCfg = Debug|Any CPU
		{231EE72D-663A-4AC0-BE56-3728D5FE3477}.Debug|Any CPU.Build.0 = Debug|Any CPU
		{231EE72D-663A-4AC0-BE56-3728D5FE3477}.Release|Any CPU.ActiveCfg = Release|Any CPU
		{231EE72D-663A-4AC0-BE56-3728D5FE3477}.Release|Any CPU.Build.0 = Release|Any CPU
		{C496A04B-72AF-4343-9833-7A36010F562C}.Debug|Any CPU.ActiveCfg = Debug|Any CPU
		{C496A04B-72AF-4343-9833-7A36010F562C}.Debug|Any CPU.Build.0 = Debug|Any CPU
		{C496A04B-72AF-4343-9833-7A36010F562C}.Release|Any CPU.ActiveCfg = Release|Any CPU
		{C496A04B-72AF-4343-9833-7A36010F562C}.Release|Any CPU.Build.0 = Release|Any CPU
		{21775AD9-4C98-483B-A716-F9D7EE65F874}.Debug|Any CPU.ActiveCfg = Debug|Any CPU
		{21775AD9-4C98-483B-A716-F9D7EE65F874}.Debug|Any CPU.Build.0 = Debug|Any CPU
		{21775AD9-4C98-483B-A716-F9D7EE65F874}.Release|Any CPU.ActiveCfg = Release|Any CPU
		{21775AD9-4C98-483B-A716-F9D7EE65F874}.Release|Any CPU.Build.0 = Release|Any CPU
		{5461523C-4DCE-4672-BC72-7F0C99501F43}.Debug|Any CPU.ActiveCfg = Debug|Any CPU
		{5461523C-4DCE-4672-BC72-7F0C99501F43}.Debug|Any CPU.Build.0 = Debug|Any CPU
		{5461523C-4DCE-4672-BC72-7F0C99501F43}.Release|Any CPU.ActiveCfg = Release|Any CPU
		{5461523C-4DCE-4672-BC72-7F0C99501F43}.Release|Any CPU.Build.0 = Release|Any CPU
		{A7848178-09E6-4FC7-A21E-9CB9418984A5}.Debug|Any CPU.ActiveCfg = Debug|Any CPU
		{A7848178-09E6-4FC7-A21E-9CB9418984A5}.Debug|Any CPU.Build.0 = Debug|Any CPU
		{A7848178-09E6-4FC7-A21E-9CB9418984A5}.Release|Any CPU.ActiveCfg = Release|Any CPU
		{A7848178-09E6-4FC7-A21E-9CB9418984A5}.Release|Any CPU.Build.0 = Release|Any CPU
		{F5E262B3-2535-4579-B2A6-3FC5BD45EABB}.Debug|Any CPU.ActiveCfg = Debug|Any CPU
		{F5E262B3-2535-4579-B2A6-3FC5BD45EABB}.Debug|Any CPU.Build.0 = Debug|Any CPU
		{F5E262B3-2535-4579-B2A6-3FC5BD45EABB}.Release|Any CPU.ActiveCfg = Release|Any CPU
		{F5E262B3-2535-4579-B2A6-3FC5BD45EABB}.Release|Any CPU.Build.0 = Release|Any CPU
		{45AAAC79-E7DF-492C-A5DE-9C2BC6016FCD}.Debug|Any CPU.ActiveCfg = Debug|Any CPU
		{45AAAC79-E7DF-492C-A5DE-9C2BC6016FCD}.Debug|Any CPU.Build.0 = Debug|Any CPU
		{45AAAC79-E7DF-492C-A5DE-9C2BC6016FCD}.Release|Any CPU.ActiveCfg = Release|Any CPU
		{45AAAC79-E7DF-492C-A5DE-9C2BC6016FCD}.Release|Any CPU.Build.0 = Release|Any CPU
		{D74D48F9-85C5-452F-A1C1-7FCE9F9F8B1F}.Debug|Any CPU.ActiveCfg = Debug|Any CPU
		{D74D48F9-85C5-452F-A1C1-7FCE9F9F8B1F}.Debug|Any CPU.Build.0 = Debug|Any CPU
		{D74D48F9-85C5-452F-A1C1-7FCE9F9F8B1F}.Release|Any CPU.ActiveCfg = Release|Any CPU
		{D74D48F9-85C5-452F-A1C1-7FCE9F9F8B1F}.Release|Any CPU.Build.0 = Release|Any CPU
		{2AE49F19-392B-4C50-A13C-F49B2579849D}.Debug|Any CPU.ActiveCfg = Debug|Any CPU
		{2AE49F19-392B-4C50-A13C-F49B2579849D}.Debug|Any CPU.Build.0 = Debug|Any CPU
		{2AE49F19-392B-4C50-A13C-F49B2579849D}.Release|Any CPU.ActiveCfg = Release|Any CPU
		{2AE49F19-392B-4C50-A13C-F49B2579849D}.Release|Any CPU.Build.0 = Release|Any CPU
		{C478E40B-A05E-4C69-9AB3-7A3BB374243F}.Debug|Any CPU.ActiveCfg = Debug|Any CPU
		{C478E40B-A05E-4C69-9AB3-7A3BB374243F}.Debug|Any CPU.Build.0 = Debug|Any CPU
		{C478E40B-A05E-4C69-9AB3-7A3BB374243F}.Release|Any CPU.ActiveCfg = Release|Any CPU
		{C478E40B-A05E-4C69-9AB3-7A3BB374243F}.Release|Any CPU.Build.0 = Release|Any CPU
		{073BCD60-F2FB-4DB9-92FB-403C8F9E8DD0}.Debug|Any CPU.ActiveCfg = Debug|Any CPU
		{073BCD60-F2FB-4DB9-92FB-403C8F9E8DD0}.Debug|Any CPU.Build.0 = Debug|Any CPU
		{073BCD60-F2FB-4DB9-92FB-403C8F9E8DD0}.Release|Any CPU.ActiveCfg = Release|Any CPU
		{073BCD60-F2FB-4DB9-92FB-403C8F9E8DD0}.Release|Any CPU.Build.0 = Release|Any CPU
		{533BB382-F49F-4945-EA80-4B01D58C1AB0}.Debug|Any CPU.ActiveCfg = Debug|Any CPU
		{533BB382-F49F-4945-EA80-4B01D58C1AB0}.Debug|Any CPU.Build.0 = Debug|Any CPU
		{533BB382-F49F-4945-EA80-4B01D58C1AB0}.Release|Any CPU.ActiveCfg = Release|Any CPU
		{533BB382-F49F-4945-EA80-4B01D58C1AB0}.Release|Any CPU.Build.0 = Release|Any CPU
		{006913B7-12A3-4FF1-5295-32825D100C9C}.Debug|Any CPU.ActiveCfg = Debug|Any CPU
		{006913B7-12A3-4FF1-5295-32825D100C9C}.Debug|Any CPU.Build.0 = Debug|Any CPU
		{006913B7-12A3-4FF1-5295-32825D100C9C}.Release|Any CPU.ActiveCfg = Release|Any CPU
		{006913B7-12A3-4FF1-5295-32825D100C9C}.Release|Any CPU.Build.0 = Release|Any CPU
		{5C5262F7-FE62-415F-BC8D-3C49CC071403}.Debug|Any CPU.ActiveCfg = Debug|Any CPU
		{5C5262F7-FE62-415F-BC8D-3C49CC071403}.Debug|Any CPU.Build.0 = Debug|Any CPU
		{5C5262F7-FE62-415F-BC8D-3C49CC071403}.Release|Any CPU.ActiveCfg = Release|Any CPU
		{5C5262F7-FE62-415F-BC8D-3C49CC071403}.Release|Any CPU.Build.0 = Release|Any CPU
	EndGlobalSection
	GlobalSection(SolutionProperties) = preSolution
		HideSolutionNode = FALSE
	EndGlobalSection
	GlobalSection(NestedProjects) = preSolution
		{9D00C65E-8B41-4C00-9C8B-7F23B58B9756} = {47E7988B-717A-4E8A-8E75-517844C5D055}
		{DA66829B-1433-43D9-B920-DE38BF055C52} = {47E7988B-717A-4E8A-8E75-517844C5D055}
		{6A6B34CE-D21E-49C6-ABB8-9467A99CC9D0} = {47E7988B-717A-4E8A-8E75-517844C5D055}
		{F367B296-670E-4EE0-B92A-11C1DAEB4285} = {6A6B34CE-D21E-49C6-ABB8-9467A99CC9D0}
		{869BD919-4F93-477A-95E9-CA3DC8833DA1} = {6A6B34CE-D21E-49C6-ABB8-9467A99CC9D0}
		{1BE188D7-8785-4213-ADCF-27530FD27922} = {6A6B34CE-D21E-49C6-ABB8-9467A99CC9D0}
		{97A15B91-A372-4638-ABA9-C9E06307EE8E} = {6A6B34CE-D21E-49C6-ABB8-9467A99CC9D0}
		{47D2F726-37ED-4EF1-A027-CF39779D9BCA} = {47E7988B-717A-4E8A-8E75-517844C5D055}
		{7E8601E8-8B4E-479B-B1ED-A72154A1D86A} = {47E7988B-717A-4E8A-8E75-517844C5D055}
		{73006A1A-87A5-410A-8032-2FA1E56D6699} = {47E7988B-717A-4E8A-8E75-517844C5D055}
		{62B89443-7C08-4753-9C43-F53DABF7549D} = {47D2F726-37ED-4EF1-A027-CF39779D9BCA}
		{C0C593F3-A235-4B68-B4A7-6BC724A2F8E8} = {9D00C65E-8B41-4C00-9C8B-7F23B58B9756}
		{D53533C1-4270-44A6-862E-18623445CA0B} = {9D00C65E-8B41-4C00-9C8B-7F23B58B9756}
		{E2889A51-A517-44A8-A479-69386C9B8BD1} = {DA66829B-1433-43D9-B920-DE38BF055C52}
		{27939947-5B62-4C4C-99FF-898BF0C71D07} = {F367B296-670E-4EE0-B92A-11C1DAEB4285}
		{97B7A004-2B34-462C-A055-4A02972A99A9} = {869BD919-4F93-477A-95E9-CA3DC8833DA1}
		{637AD7F9-7056-41AC-93B2-0956EC1FD4D5} = {869BD919-4F93-477A-95E9-CA3DC8833DA1}
		{AE9B0095-C0D9-4ACD-BF5D-D44CE5CE9B51} = {1BE188D7-8785-4213-ADCF-27530FD27922}
		{231EE72D-663A-4AC0-BE56-3728D5FE3477} = {1BE188D7-8785-4213-ADCF-27530FD27922}
		{C496A04B-72AF-4343-9833-7A36010F562C} = {97A15B91-A372-4638-ABA9-C9E06307EE8E}
		{21775AD9-4C98-483B-A716-F9D7EE65F874} = {97A15B91-A372-4638-ABA9-C9E06307EE8E}
		{5461523C-4DCE-4672-BC72-7F0C99501F43} = {47D2F726-37ED-4EF1-A027-CF39779D9BCA}
		{A7848178-09E6-4FC7-A21E-9CB9418984A5} = {47D2F726-37ED-4EF1-A027-CF39779D9BCA}
		{F5E262B3-2535-4579-B2A6-3FC5BD45EABB} = {47D2F726-37ED-4EF1-A027-CF39779D9BCA}
		{45AAAC79-E7DF-492C-A5DE-9C2BC6016FCD} = {7E8601E8-8B4E-479B-B1ED-A72154A1D86A}
		{D74D48F9-85C5-452F-A1C1-7FCE9F9F8B1F} = {73006A1A-87A5-410A-8032-2FA1E56D6699}
		{2AE49F19-392B-4C50-A13C-F49B2579849D} = {0BFB14B5-4837-45F2-B768-65D70D3CECE6}
		{C478E40B-A05E-4C69-9AB3-7A3BB374243F} = {0BFB14B5-4837-45F2-B768-65D70D3CECE6}
		{073BCD60-F2FB-4DB9-92FB-403C8F9E8DD0} = {0BFB14B5-4837-45F2-B768-65D70D3CECE6}
		{533BB382-F49F-4945-EA80-4B01D58C1AB0} = {3C4F65B2-3CF8-4F5D-B633-C674F3FDA174}
		{006913B7-12A3-4FF1-5295-32825D100C9C} = {3C4F65B2-3CF8-4F5D-B633-C674F3FDA174}
		{5C5262F7-FE62-415F-BC8D-3C49CC071403} = {3C4F65B2-3CF8-4F5D-B633-C674F3FDA174}
	EndGlobalSection
	GlobalSection(ExtensibilityGlobals) = postSolution
		SolutionGuid = {D382E703-6EE2-4235-BB76-A3FDD3036A0A}
	EndGlobalSection
EndGlobal
