
Microsoft Visual Studio Solution File, Format Version 9.00
# Visual Studio 2005
Project("{2150E333-8FDC-42A3-9474-1A3956D46DE8}") = "CAB", "CAB", "{7D23CE95-F231-45AF-8557-3E7C3DD3BA41}"
EndProject
Project("{2150E333-8FDC-42A3-9474-1A3956D46DE8}") = "Step 1", "Step 1", "{5C7790E1-C932-419B-A760-4791825D7088}"
EndProject
Project("{2150E333-8FDC-42A3-9474-1A3956D46DE8}") = "Step 2", "Step 2", "{B580F89F-FE7F-47D4-9FA0-C36A3076991D}"
EndProject
Project("{2150E333-8FDC-42A3-9474-1A3956D46DE8}") = "Step 3", "Step 3", "{E1C94B14-3D86-436D-BC8C-CB2A2139EF51}"
EndProject
Project("{2150E333-8FDC-42A3-9474-1A3956D46DE8}") = "Step 4", "Step 4", "{F9748BF8-ACAA-4F48-90A5-5B7D0604E34A}"
EndProject
Project("FAE04EC0-301F-11D3-BF4B-00C04F79EFBC") = "ShellApplication", "QuickStarts\Walkthrough\Step1\ShellApplication\ShellApplication.csproj", "{27939947-5B62-4C4C-99FF-898BF0C71D07}"
EndProject
Project("FAE04EC0-301F-11D3-BF4B-00C04F79EFBC") = "ObjectBuilder", "Source\ObjectBuilder\ObjectBuilder.csproj", "{2AE49F19-392B-4C50-A13C-F49B2579849D}"
EndProject
Project("FAE04EC0-301F-11D3-BF4B-00C04F79EFBC") = "CompositeUI", "Source\CompositeUI\CompositeUI.csproj", "{C478E40B-A05E-4C69-9AB3-7A3BB374243F}"
EndProject
Project("FAE04EC0-301F-11D3-BF4B-00C04F79EFBC") = "CompositeUI.WinForms", "Source\CompositeUI.WinForms\CompositeUI.WinForms.csproj", "{073BCD60-F2FB-4DB9-92FB-403C8F9E8DD0}"
EndProject
Project("FAE04EC0-301F-11D3-BF4B-00C04F79EFBC") = "MyModule", "QuickStarts\Walkthrough\Step2\MyModule\MyModule.csproj", "{97B7A004-2B34-462C-A055-4A02972A99A9}"
EndProject
Project("FAE04EC0-301F-11D3-BF4B-00C04F79EFBC") = "ShellApplication", "QuickStarts\Walkthrough\Step2\ShellApplication\ShellApplication.csproj", "{637AD7F9-7056-41AC-93B2-0956EC1FD4D5}"
EndProject
Project("FAE04EC0-301F-11D3-BF4B-00C04F79EFBC") = "ShellApplication", "QuickStarts\Walkthrough\Step3\ShellApplication\ShellApplication.csproj", "{AE9B0095-C0D9-4ACD-BF5D-D44CE5CE9B51}"
EndProject
Project("FAE04EC0-301F-11D3-BF4B-00C04F79EFBC") = "MyModule", "QuickStarts\Walkthrough\Step3\MyModule\MyModule.csproj", "{231EE72D-663A-4AC0-BE56-3728D5FE3477}"
EndProject
Project("FAE04EC0-301F-11D3-BF4B-00C04F79EFBC") = "MyModule", "QuickStarts\Walkthrough\Step4\MyModule\MyModule.csproj", "{C496A04B-72AF-4343-9833-7A36010F562C}"
EndProject
Project("FAE04EC0-301F-11D3-BF4B-00C04F79EFBC") = "ShellApplication", "QuickStarts\Walkthrough\Step4\ShellApplication\ShellApplication.csproj", "{21775AD9-4C98-483B-A716-F9D7EE65F874}"
EndProject
Global
	GlobalSection(SolutionConfigurationPlatforms) = preSolution
		Debug|Any CPU = Debug|Any CPU
		Release|Any CPU = Release|Any CPU
	EndGlobalSection
	GlobalSection(ProjectConfigurationPlatforms) = postSolution
		{27939947-5B62-4C4C-99FF-898BF0C71D07}.Debug|Any CPU.ActiveCfg = Debug|Any CPU
		{27939947-5B62-4C4C-99FF-898BF0C71D07}.Debug|Any CPU.Build.0 = Debug|Any CPU
		{27939947-5B62-4C4C-99FF-898BF0C71D07}.Release|Any CPU.ActiveCfg = Release|Any CPU
		{27939947-5B62-4C4C-99FF-898BF0C71D07}.Release|Any CPU.Build.0 = Release|Any CPU
		{2AE49F19-392B-4C50-A13C-F49B2579849D}.Debug|Any CPU.ActiveCfg = Debug|Any CPU
		{2AE49F19-392B-4C50-A13C-F49B2579849D}.Debug|Any CPU.Build.0 = Debug|Any CPU
		{2AE49F19-392B-4C50-A13C-F49B2579849D}.Release|Any CPU.ActiveCfg = Release|Any CPU
		{2AE49F19-392B-4C50-A13C-F49B2579849D}.Release|Any CPU.Build.0 = Release|Any CPU
		{C478E40B-A05E-4C69-9AB3-7A3BB374243F}.Debug|Any CPU.ActiveCfg = Debug|Any CPU
		{C478E40B-A05E-4C69-9AB3-7A3BB374243F}.Debug|Any CPU.Build.0 = Debug|Any CPU
		{C478E40B-A05E-4C69-9AB3-7A3BB374243F}.Release|Any CPU.ActiveCfg = Release|Any CPU
		{C478E40B-A05E-4C69-9AB3-7A3BB374243F}.Release|Any CPU.Build.0 = Release|Any CPU
		{073BCD60-F2FB-4DB9-92FB-403C8F9E8DD0}.Debug|Any CPU.ActiveCfg = Debug|Any CPU
		{073BCD60-F2FB-4DB9-92FB-403C8F9E8DD0}.Debug|Any CPU.Build.0 = Debug|Any CPU
		{073BCD60-F2FB-4DB9-92FB-403C8F9E8DD0}.Release|Any CPU.ActiveCfg = Release|Any CPU
		{073BCD60-F2FB-4DB9-92FB-403C8F9E8DD0}.Release|Any CPU.Build.0 = Release|Any CPU
		{97B7A004-2B34-462C-A055-4A02972A99A9}.Debug|Any CPU.ActiveCfg = Debug|Any CPU
		{97B7A004-2B34-462C-A055-4A02972A99A9}.Debug|Any CPU.Build.0 = Debug|Any CPU
		{97B7A004-2B34-462C-A055-4A02972A99A9}.Release|Any CPU.ActiveCfg = Release|Any CPU
		{97B7A004-2B34-462C-A055-4A02972A99A9}.Release|Any CPU.Build.0 = Release|Any CPU
		{637AD7F9-7056-41AC-93B2-0956EC1FD4D5}.Debug|Any CPU.ActiveCfg = Debug|Any CPU
		{637AD7F9-7056-41AC-93B2-0956EC1FD4D5}.Debug|Any CPU.Build.0 = Debug|Any CPU
		{637AD7F9-7056-41AC-93B2-0956EC1FD4D5}.Release|Any CPU.ActiveCfg = Release|Any CPU
		{637AD7F9-7056-41AC-93B2-0956EC1FD4D5}.Release|Any CPU.Build.0 = Release|Any CPU
		{AE9B0095-C0D9-4ACD-BF5D-D44CE5CE9B51}.Debug|Any CPU.ActiveCfg = Debug|Any CPU
		{AE9B0095-C0D9-4ACD-BF5D-D44CE5CE9B51}.Debug|Any CPU.Build.0 = Debug|Any CPU
		{AE9B0095-C0D9-4ACD-BF5D-D44CE5CE9B51}.Release|Any CPU.ActiveCfg = Release|Any CPU
		{AE9B0095-C0D9-4ACD-BF5D-D44CE5CE9B51}.Release|Any CPU.Build.0 = Release|Any CPU
		{231EE72D-663A-4AC0-BE56-3728D5FE3477}.Debug|Any CPU.ActiveCfg = Debug|Any CPU
		{231EE72D-663A-4AC0-BE56-3728D5FE3477}.Debug|Any CPU.Build.0 = Debug|Any CPU
		{231EE72D-663A-4AC0-BE56-3728D5FE3477}.Release|Any CPU.ActiveCfg = Release|Any CPU
		{231EE72D-663A-4AC0-BE56-3728D5FE3477}.Release|Any CPU.Build.0 = Release|Any CPU
		{C496A04B-72AF-4343-9833-7A36010F562C}.Debug|Any CPU.ActiveCfg = Debug|Any CPU
		{C496A04B-72AF-4343-9833-7A36010F562C}.Debug|Any CPU.Build.0 = Debug|Any CPU
		{C496A04B-72AF-4343-9833-7A36010F562C}.Release|Any CPU.ActiveCfg = Release|Any CPU
		{C496A04B-72AF-4343-9833-7A36010F562C}.Release|Any CPU.Build.0 = Release|Any CPU
		{21775AD9-4C98-483B-A716-F9D7EE65F874}.Debug|Any CPU.ActiveCfg = Debug|Any CPU
		{21775AD9-4C98-483B-A716-F9D7EE65F874}.Debug|Any CPU.Build.0 = Debug|Any CPU
		{21775AD9-4C98-483B-A716-F9D7EE65F874}.Release|Any CPU.ActiveCfg = Release|Any CPU
		{21775AD9-4C98-483B-A716-F9D7EE65F874}.Release|Any CPU.Build.0 = Release|Any CPU
	EndGlobalSection
	GlobalSection(SolutionProperties) = preSolution
		HideSolutionNode = FALSE
	EndGlobalSection
	GlobalSection(NestedProjects) = preSolution
		{2AE49F19-392B-4C50-A13C-F49B2579849D} = {7D23CE95-F231-45AF-8557-3E7C3DD3BA41}
		{C478E40B-A05E-4C69-9AB3-7A3BB374243F} = {7D23CE95-F231-45AF-8557-3E7C3DD3BA41}
		{073BCD60-F2FB-4DB9-92FB-403C8F9E8DD0} = {7D23CE95-F231-45AF-8557-3E7C3DD3BA41}
		{27939947-5B62-4C4C-99FF-898BF0C71D07} = {5C7790E1-C932-419B-A760-4791825D7088}
		{97B7A004-2B34-462C-A055-4A02972A99A9} = {B580F89F-FE7F-47D4-9FA0-C36A3076991D}
		{637AD7F9-7056-41AC-93B2-0956EC1FD4D5} = {B580F89F-FE7F-47D4-9FA0-C36A3076991D}
		{AE9B0095-C0D9-4ACD-BF5D-D44CE5CE9B51} = {E1C94B14-3D86-436D-BC8C-CB2A2139EF51}
		{231EE72D-663A-4AC0-BE56-3728D5FE3477} = {E1C94B14-3D86-436D-BC8C-CB2A2139EF51}
		{C496A04B-72AF-4343-9833-7A36010F562C} = {F9748BF8-ACAA-4F48-90A5-5B7D0604E34A}
		{21775AD9-4C98-483B-A716-F9D7EE65F874} = {F9748BF8-ACAA-4F48-90A5-5B7D0604E34A}
	EndGlobalSection
EndGlobal
